// !$*UTF8*$!
{
	archiveVersion = 1;
	classes = {
	};
	objectVersion = 46;
	objects = {

/* Begin PBXBuildFile section */
		2A1C3F301F5D4E81000C3870 /* dbscan.cpp in Sources */ = {isa = PBXBuildFile; fileRef = 2A1C3F2F1F5D4E81000C3870 /* dbscan.cpp */; };
		2A1C3F321F5D4E96000C3870 /* utils.cpp in Sources */ = {isa = PBXBuildFile; fileRef = 2A1C3F311F5D4E96000C3870 /* utils.cpp */; };
		2A1C3F341F5D4EC1000C3870 /* cluster_data.cpp in Sources */ = {isa = PBXBuildFile; fileRef = 2A1C3F331F5D4EC1000C3870 /* cluster_data.cpp */; };
		2A7A8C381F3D875C005B7A21 /* main.cpp in Sources */ = {isa = PBXBuildFile; fileRef = 2A7A8C371F3D875C005B7A21 /* main.cpp */; };
		2A7A8C401F3F697F005B7A21 /* feature.cpp in Sources */ = {isa = PBXBuildFile; fileRef = 2A7A8C3E1F3F697F005B7A21 /* feature.cpp */; };
		2A7A8C431F3F699A005B7A21 /* rbf_svm.cpp in Sources */ = {isa = PBXBuildFile; fileRef = 2A7A8C411F3F699A005B7A21 /* rbf_svm.cpp */; };
		2A7A8C461F3F6C32005B7A21 /* silo_link.cpp in Sources */ = {isa = PBXBuildFile; fileRef = 2A7A8C441F3F6C32005B7A21 /* silo_link.cpp */; };
		2A7A8C491F3F6EF1005B7A21 /* image_processor.cpp in Sources */ = {isa = PBXBuildFile; fileRef = 2A7A8C471F3F6EF1005B7A21 /* image_processor.cpp */; };
		2A7A8C4F1F3F82BC005B7A21 /* svm.cpp in Sources */ = {isa = PBXBuildFile; fileRef = 2A7A8C4D1F3F82BC005B7A21 /* svm.cpp */; };
		2A7A8C511F3FCAD8005B7A21 /* libboost_regex.dylib in Frameworks */ = {isa = PBXBuildFile; fileRef = 2A7A8C501F3FCAD8005B7A21 /* libboost_regex.dylib */; };
		2A7A8C531F3FCAE7005B7A21 /* libboost_filesystem.dylib in Frameworks */ = {isa = PBXBuildFile; fileRef = 2A7A8C521F3FCAE7005B7A21 /* libboost_filesystem.dylib */; };
		2AAFD1AB1F43C4CB00E92D7D /* libpng16.dylib in Frameworks */ = {isa = PBXBuildFile; fileRef = 2AAFD1AA1F43C4CB00E92D7D /* libpng16.dylib */; };
		2AAFD1AD1F43C7F500E92D7D /* png_utilities.cpp in Sources */ = {isa = PBXBuildFile; fileRef = 2AAFD1AC1F43C7F500E92D7D /* png_utilities.cpp */; };
/* End PBXBuildFile section */

/* Begin PBXCopyFilesBuildPhase section */
		2A7A8C321F3D875C005B7A21 /* CopyFiles */ = {
			isa = PBXCopyFilesBuildPhase;
			buildActionMask = 2147483647;
			dstPath = /usr/share/man/man1/;
			dstSubfolderSpec = 0;
			files = (
			);
			runOnlyForDeploymentPostprocessing = 1;
		};
/* End PBXCopyFilesBuildPhase section */

/* Begin PBXFileReference section */
		2A1C3F2D1F5D4047000C3870 /* pyclustering */ = {isa = PBXFileReference; lastKnownFileType = folder; name = pyclustering; path = ../../pyclustering; sourceTree = "<group>"; };
		2A1C3F2F1F5D4E81000C3870 /* dbscan.cpp */ = {isa = PBXFileReference; lastKnownFileType = sourcecode.cpp.cpp; name = dbscan.cpp; path = ../pyclustering/cluster/dbscan.cpp; sourceTree = "<group>"; };
		2A1C3F311F5D4E96000C3870 /* utils.cpp */ = {isa = PBXFileReference; lastKnownFileType = sourcecode.cpp.cpp; name = utils.cpp; path = ../pyclustering/utils.cpp; sourceTree = "<group>"; };
		2A1C3F331F5D4EC1000C3870 /* cluster_data.cpp */ = {isa = PBXFileReference; lastKnownFileType = sourcecode.cpp.cpp; name = cluster_data.cpp; path = ../pyclustering/cluster/cluster_data.cpp; sourceTree = "<group>"; };
		2A7A8C341F3D875C005B7A21 /* SiloamLearn */ = {isa = PBXFileReference; explicitFileType = "compiled.mach-o.executable"; includeInIndex = 0; path = SiloamLearn; sourceTree = BUILT_PRODUCTS_DIR; };
		2A7A8C371F3D875C005B7A21 /* main.cpp */ = {isa = PBXFileReference; lastKnownFileType = sourcecode.cpp.cpp; path = main.cpp; sourceTree = "<group>"; };
		2A7A8C3E1F3F697F005B7A21 /* feature.cpp */ = {isa = PBXFileReference; fileEncoding = 4; lastKnownFileType = sourcecode.cpp.cpp; path = feature.cpp; sourceTree = "<group>"; };
		2A7A8C3F1F3F697F005B7A21 /* feature.hpp */ = {isa = PBXFileReference; fileEncoding = 4; lastKnownFileType = sourcecode.cpp.h; path = feature.hpp; sourceTree = "<group>"; };
		2A7A8C411F3F699A005B7A21 /* rbf_svm.cpp */ = {isa = PBXFileReference; fileEncoding = 4; lastKnownFileType = sourcecode.cpp.cpp; path = rbf_svm.cpp; sourceTree = "<group>"; };
		2A7A8C421F3F699A005B7A21 /* rbf_svm.hpp */ = {isa = PBXFileReference; fileEncoding = 4; lastKnownFileType = sourcecode.cpp.h; path = rbf_svm.hpp; sourceTree = "<group>"; };
		2A7A8C441F3F6C32005B7A21 /* silo_link.cpp */ = {isa = PBXFileReference; fileEncoding = 4; lastKnownFileType = sourcecode.cpp.cpp; path = silo_link.cpp; sourceTree = "<group>"; };
		2A7A8C451F3F6C32005B7A21 /* silo_link.hpp */ = {isa = PBXFileReference; fileEncoding = 4; lastKnownFileType = sourcecode.cpp.h; path = silo_link.hpp; sourceTree = "<group>"; };
		2A7A8C471F3F6EF1005B7A21 /* image_processor.cpp */ = {isa = PBXFileReference; fileEncoding = 4; lastKnownFileType = sourcecode.cpp.cpp; path = image_processor.cpp; sourceTree = "<group>"; };
		2A7A8C481F3F6EF1005B7A21 /* image_processor.hpp */ = {isa = PBXFileReference; fileEncoding = 4; lastKnownFileType = sourcecode.cpp.h; path = image_processor.hpp; sourceTree = "<group>"; };
		2A7A8C4D1F3F82BC005B7A21 /* svm.cpp */ = {isa = PBXFileReference; fileEncoding = 4; lastKnownFileType = sourcecode.cpp.cpp; name = svm.cpp; path = ../../libsvm/svm.cpp; sourceTree = "<group>"; };
		2A7A8C4E1F3F82BC005B7A21 /* svm.h */ = {isa = PBXFileReference; fileEncoding = 4; lastKnownFileType = sourcecode.c.h; name = svm.h; path = ../../libsvm/svm.h; sourceTree = "<group>"; };
		2A7A8C501F3FCAD8005B7A21 /* libboost_regex.dylib */ = {isa = PBXFileReference; lastKnownFileType = "compiled.mach-o.dylib"; name = libboost_regex.dylib; path = ../../../../../../../../../../../usr/local/Cellar/boost/1.64.0_1/lib/libboost_regex.dylib; sourceTree = "<group>"; };
		2A7A8C521F3FCAE7005B7A21 /* libboost_filesystem.dylib */ = {isa = PBXFileReference; lastKnownFileType = "compiled.mach-o.dylib"; name = libboost_filesystem.dylib; path = ../../../../../../../../../../../usr/local/Cellar/boost/1.64.0_1/lib/libboost_filesystem.dylib; sourceTree = "<group>"; };
		2AAFD1A91F43C42A00E92D7D /* png_utilities.hpp */ = {isa = PBXFileReference; lastKnownFileType = sourcecode.cpp.h; path = png_utilities.hpp; sourceTree = "<group>"; };
		2AAFD1AA1F43C4CB00E92D7D /* libpng16.dylib */ = {isa = PBXFileReference; lastKnownFileType = "compiled.mach-o.dylib"; name = libpng16.dylib; path = ../../../../../../../../../../../usr/local/Cellar/libpng/1.6.31/lib/libpng16.dylib; sourceTree = "<group>"; };
		2AAFD1AC1F43C7F500E92D7D /* png_utilities.cpp */ = {isa = PBXFileReference; fileEncoding = 4; lastKnownFileType = sourcecode.cpp.cpp; path = png_utilities.cpp; sourceTree = "<group>"; };
/* End PBXFileReference section */

/* Begin PBXFrameworksBuildPhase section */
		2A7A8C311F3D875C005B7A21 /* Frameworks */ = {
			isa = PBXFrameworksBuildPhase;
			buildActionMask = 2147483647;
			files = (
				2A7A8C511F3FCAD8005B7A21 /* libboost_regex.dylib in Frameworks */,
				2AAFD1AB1F43C4CB00E92D7D /* libpng16.dylib in Frameworks */,
				2A7A8C531F3FCAE7005B7A21 /* libboost_filesystem.dylib in Frameworks */,
			);
			runOnlyForDeploymentPostprocessing = 0;
		};
/* End PBXFrameworksBuildPhase section */

/* Begin PBXGroup section */
		2A7A8C2B1F3D875B005B7A21 = {
			isa = PBXGroup;
			children = (
				2A1C3F331F5D4EC1000C3870 /* cluster_data.cpp */,
				2A1C3F311F5D4E96000C3870 /* utils.cpp */,
				2A1C3F2F1F5D4E81000C3870 /* dbscan.cpp */,
				2A7A8C501F3FCAD8005B7A21 /* libboost_regex.dylib */,
				2A7A8C521F3FCAE7005B7A21 /* libboost_filesystem.dylib */,
				2AAFD1AA1F43C4CB00E92D7D /* libpng16.dylib */,
				2A7A8C361F3D875C005B7A21 /* SiloamLearn */,
				2A7A8C351F3D875C005B7A21 /* Products */,
			);
			sourceTree = "<group>";
		};
		2A7A8C351F3D875C005B7A21 /* Products */ = {
			isa = PBXGroup;
			children = (
				2A7A8C341F3D875C005B7A21 /* SiloamLearn */,
			);
			name = Products;
			sourceTree = "<group>";
		};
		2A7A8C361F3D875C005B7A21 /* SiloamLearn */ = {
			isa = PBXGroup;
			children = (
				2A1C3F2D1F5D4047000C3870 /* pyclustering */,
				2A7A8C4D1F3F82BC005B7A21 /* svm.cpp */,
				2A7A8C4E1F3F82BC005B7A21 /* svm.h */,
				2A7A8C371F3D875C005B7A21 /* main.cpp */,
				2A7A8C3E1F3F697F005B7A21 /* feature.cpp */,
				2A7A8C3F1F3F697F005B7A21 /* feature.hpp */,
				2A7A8C411F3F699A005B7A21 /* rbf_svm.cpp */,
				2A7A8C421F3F699A005B7A21 /* rbf_svm.hpp */,
				2A7A8C441F3F6C32005B7A21 /* silo_link.cpp */,
				2A7A8C451F3F6C32005B7A21 /* silo_link.hpp */,
				2A7A8C471F3F6EF1005B7A21 /* image_processor.cpp */,
				2A7A8C481F3F6EF1005B7A21 /* image_processor.hpp */,
				2AAFD1A91F43C42A00E92D7D /* png_utilities.hpp */,
				2AAFD1AC1F43C7F500E92D7D /* png_utilities.cpp */,
			);
			path = SiloamLearn;
			sourceTree = "<group>";
		};
/* End PBXGroup section */

/* Begin PBXNativeTarget section */
		2A7A8C331F3D875C005B7A21 /* SiloamLearn */ = {
			isa = PBXNativeTarget;
			buildConfigurationList = 2A7A8C3B1F3D875C005B7A21 /* Build configuration list for PBXNativeTarget "SiloamLearn" */;
			buildPhases = (
				2A7A8C301F3D875C005B7A21 /* Sources */,
				2A7A8C311F3D875C005B7A21 /* Frameworks */,
				2A7A8C321F3D875C005B7A21 /* CopyFiles */,
			);
			buildRules = (
			);
			dependencies = (
			);
			name = SiloamLearn;
			productName = SiloamLearn;
			productReference = 2A7A8C341F3D875C005B7A21 /* SiloamLearn */;
			productType = "com.apple.product-type.tool";
		};
/* End PBXNativeTarget section */

/* Begin PBXProject section */
		2A7A8C2C1F3D875B005B7A21 /* Project object */ = {
			isa = PBXProject;
			attributes = {
				LastUpgradeCheck = 0830;
				ORGANIZATIONNAME = "University of Liverpool";
				TargetAttributes = {
					2A7A8C331F3D875C005B7A21 = {
						CreatedOnToolsVersion = 8.3.3;
						ProvisioningStyle = Automatic;
					};
				};
			};
			buildConfigurationList = 2A7A8C2F1F3D875B005B7A21 /* Build configuration list for PBXProject "SiloamLearn" */;
			compatibilityVersion = "Xcode 3.2";
			developmentRegion = English;
			hasScannedForEncodings = 0;
			knownRegions = (
				en,
			);
			mainGroup = 2A7A8C2B1F3D875B005B7A21;
			productRefGroup = 2A7A8C351F3D875C005B7A21 /* Products */;
			projectDirPath = "";
			projectRoot = "";
			targets = (
				2A7A8C331F3D875C005B7A21 /* SiloamLearn */,
			);
		};
/* End PBXProject section */

/* Begin PBXSourcesBuildPhase section */
		2A7A8C301F3D875C005B7A21 /* Sources */ = {
			isa = PBXSourcesBuildPhase;
			buildActionMask = 2147483647;
			files = (
				2A1C3F341F5D4EC1000C3870 /* cluster_data.cpp in Sources */,
				2A1C3F321F5D4E96000C3870 /* utils.cpp in Sources */,
				2A1C3F301F5D4E81000C3870 /* dbscan.cpp in Sources */,
				2A7A8C4F1F3F82BC005B7A21 /* svm.cpp in Sources */,
				2A7A8C431F3F699A005B7A21 /* rbf_svm.cpp in Sources */,
				2A7A8C401F3F697F005B7A21 /* feature.cpp in Sources */,
				2A7A8C461F3F6C32005B7A21 /* silo_link.cpp in Sources */,
				2A7A8C381F3D875C005B7A21 /* main.cpp in Sources */,
				2AAFD1AD1F43C7F500E92D7D /* png_utilities.cpp in Sources */,
				2A7A8C491F3F6EF1005B7A21 /* image_processor.cpp in Sources */,
			);
			runOnlyForDeploymentPostprocessing = 0;
		};
/* End PBXSourcesBuildPhase section */

/* Begin XCBuildConfiguration section */
		2A7A8C391F3D875C005B7A21 /* Debug */ = {
			isa = XCBuildConfiguration;
			buildSettings = {
				ALWAYS_SEARCH_USER_PATHS = NO;
				CLANG_ANALYZER_NONNULL = YES;
				CLANG_ANALYZER_NUMBER_OBJECT_CONVERSION = YES_AGGRESSIVE;
				CLANG_CXX_LANGUAGE_STANDARD = "gnu++0x";
				CLANG_CXX_LIBRARY = "libc++";
				CLANG_ENABLE_MODULES = YES;
				CLANG_ENABLE_OBJC_ARC = YES;
				CLANG_WARN_BOOL_CONVERSION = YES;
				CLANG_WARN_CONSTANT_CONVERSION = YES;
				CLANG_WARN_DIRECT_OBJC_ISA_USAGE = YES_ERROR;
				CLANG_WARN_DOCUMENTATION_COMMENTS = YES;
				CLANG_WARN_EMPTY_BODY = YES;
				CLANG_WARN_ENUM_CONVERSION = YES;
				CLANG_WARN_INFINITE_RECURSION = YES;
				CLANG_WARN_INT_CONVERSION = YES;
				CLANG_WARN_OBJC_ROOT_CLASS = YES_ERROR;
				CLANG_WARN_SUSPICIOUS_MOVE = YES;
				CLANG_WARN_UNREACHABLE_CODE = YES;
				CLANG_WARN__DUPLICATE_METHOD_MATCH = YES;
				CODE_SIGN_IDENTITY = "-";
				COPY_PHASE_STRIP = NO;
				DEBUG_INFORMATION_FORMAT = dwarf;
				ENABLE_STRICT_OBJC_MSGSEND = YES;
				ENABLE_TESTABILITY = YES;
				GCC_C_LANGUAGE_STANDARD = gnu99;
				GCC_DYNAMIC_NO_PIC = NO;
				GCC_NO_COMMON_BLOCKS = YES;
				GCC_OPTIMIZATION_LEVEL = 0;
				GCC_PREPROCESSOR_DEFINITIONS = (
					"DEBUG=1",
					"$(inherited)",
				);
				GCC_WARN_64_TO_32_BIT_CONVERSION = YES;
				GCC_WARN_ABOUT_RETURN_TYPE = YES_ERROR;
				GCC_WARN_UNDECLARED_SELECTOR = YES;
				GCC_WARN_UNINITIALIZED_AUTOS = YES_AGGRESSIVE;
				GCC_WARN_UNUSED_FUNCTION = YES;
				GCC_WARN_UNUSED_VARIABLE = YES;
				MACOSX_DEPLOYMENT_TARGET = 10.12;
				MTL_ENABLE_DEBUG_INFO = YES;
				ONLY_ACTIVE_ARCH = YES;
				SDKROOT = macosx;
			};
			name = Debug;
		};
		2A7A8C3A1F3D875C005B7A21 /* Release */ = {
			isa = XCBuildConfiguration;
			buildSettings = {
				ALWAYS_SEARCH_USER_PATHS = NO;
				CLANG_ANALYZER_NONNULL = YES;
				CLANG_ANALYZER_NUMBER_OBJECT_CONVERSION = YES_AGGRESSIVE;
				CLANG_CXX_LANGUAGE_STANDARD = "gnu++0x";
				CLANG_CXX_LIBRARY = "libc++";
				CLANG_ENABLE_MODULES = YES;
				CLANG_ENABLE_OBJC_ARC = YES;
				CLANG_WARN_BOOL_CONVERSION = YES;
				CLANG_WARN_CONSTANT_CONVERSION = YES;
				CLANG_WARN_DIRECT_OBJC_ISA_USAGE = YES_ERROR;
				CLANG_WARN_DOCUMENTATION_COMMENTS = YES;
				CLANG_WARN_EMPTY_BODY = YES;
				CLANG_WARN_ENUM_CONVERSION = YES;
				CLANG_WARN_INFINITE_RECURSION = YES;
				CLANG_WARN_INT_CONVERSION = YES;
				CLANG_WARN_OBJC_ROOT_CLASS = YES_ERROR;
				CLANG_WARN_SUSPICIOUS_MOVE = YES;
				CLANG_WARN_UNREACHABLE_CODE = YES;
				CLANG_WARN__DUPLICATE_METHOD_MATCH = YES;
				CODE_SIGN_IDENTITY = "-";
				COPY_PHASE_STRIP = NO;
				DEBUG_INFORMATION_FORMAT = "dwarf-with-dsym";
				ENABLE_NS_ASSERTIONS = NO;
				ENABLE_STRICT_OBJC_MSGSEND = YES;
				GCC_C_LANGUAGE_STANDARD = gnu99;
				GCC_NO_COMMON_BLOCKS = YES;
				GCC_WARN_64_TO_32_BIT_CONVERSION = YES;
				GCC_WARN_ABOUT_RETURN_TYPE = YES_ERROR;
				GCC_WARN_UNDECLARED_SELECTOR = YES;
				GCC_WARN_UNINITIALIZED_AUTOS = YES_AGGRESSIVE;
				GCC_WARN_UNUSED_FUNCTION = YES;
				GCC_WARN_UNUSED_VARIABLE = YES;
				MACOSX_DEPLOYMENT_TARGET = 10.12;
				MTL_ENABLE_DEBUG_INFO = NO;
				SDKROOT = macosx;
			};
			name = Release;
		};
		2A7A8C3C1F3D875C005B7A21 /* Debug */ = {
			isa = XCBuildConfiguration;
			buildSettings = {
				CLANG_CXX_LANGUAGE_STANDARD = "gnu++14";
				"HEADER_SEARCH_PATHS[arch=*]" = (
					/usr/local/Cellar/boost/1.64.0_1/include,
					/usr/local/Cellar/libpng/1.6.31/include,
					"/Users/LordNelson/Dropbox/Work/LiverpoolUni/Modules/Dissertation/repo/source/2-learn/pyclustering/**",
				);
				LIBRARY_SEARCH_PATHS = (
					"$(inherited)",
					/usr/local/Cellar/boost/1.64.0_1/lib,
					/usr/local/Cellar/libpng/1.6.31/lib,
				);
				"LIBRARY_SEARCH_PATHS[arch=*]" = (
					/usr/local/Cellar/boost/1.64.0_1/lib,
					/usr/local/Cellar/libpng/1.6.31/lib,
				);
				OTHER_LDFLAGS = (
					"-lboost_system",
					"-lpng",
				);
				PRODUCT_NAME = "$(TARGET_NAME)";
			};
			name = Debug;
		};
		2A7A8C3D1F3D875C005B7A21 /* Release */ = {
			isa = XCBuildConfiguration;
			buildSettings = {
				CLANG_CXX_LANGUAGE_STANDARD = "gnu++14";
				HEADER_SEARCH_PATHS = (
					/usr/local/Cellar/boost/1.64.0_1/include,
					/usr/local/Cellar/libpng/1.6.31/include,
					"/Users/LordNelson/Dropbox/Work/LiverpoolUni/Modules/Dissertation/repo/source/2-learn/pyclustering",
				);
				"HEADER_SEARCH_PATHS[arch=*]" = (
					/usr/local/Cellar/boost/1.64.0_1/include,
					/usr/local/Cellar/libpng/1.6.31/include,
					"/Users/LordNelson/Dropbox/Work/LiverpoolUni/Modules/Dissertation/repo/source/2-learn/pyclustering/**",
				);
				LIBRARY_SEARCH_PATHS = (
					"$(inherited)",
					/usr/local/Cellar/boost/1.64.0_1/lib,
					/usr/local/Cellar/libpng/1.6.31/lib,
				);
				"LIBRARY_SEARCH_PATHS[arch=*]" = (
					/usr/local/Cellar/boost/1.64.0_1/lib,
					/usr/local/Cellar/libpng/1.6.31/lib,
				);
				OTHER_LDFLAGS = (
					"-lboost_system",
					"-lpng",
				);
				PRODUCT_NAME = "$(TARGET_NAME)";
			};
			name = Release;
		};
/* End XCBuildConfiguration section */

/* Begin XCConfigurationList section */
		2A7A8C2F1F3D875B005B7A21 /* Build configuration list for PBXProject "SiloamLearn" */ = {
			isa = XCConfigurationList;
			buildConfigurations = (
				2A7A8C391F3D875C005B7A21 /* Debug */,
				2A7A8C3A1F3D875C005B7A21 /* Release */,
			);
			defaultConfigurationIsVisible = 0;
			defaultConfigurationName = Release;
		};
		2A7A8C3B1F3D875C005B7A21 /* Build configuration list for PBXNativeTarget "SiloamLearn" */ = {
			isa = XCConfigurationList;
			buildConfigurations = (
				2A7A8C3C1F3D875C005B7A21 /* Debug */,
				2A7A8C3D1F3D875C005B7A21 /* Release */,
			);
			defaultConfigurationIsVisible = 0;
			defaultConfigurationName = Release;
		};
/* End XCConfigurationList section */
	};
	rootObject = 2A7A8C2C1F3D875B005B7A21 /* Project object */;
}
